Microsoft Visual Studio Solution File, Format Version 12.00
# Visual Studio Version 17
VisualStudioVersion = 17.5.2.0
MinimumVisualStudioVersion = 10.0.40219.1
Project("{FAE04EC0-301F-11D3-BF4B-00C04F79EFBC}") = "HRReport", "HRReport.csproj", "{91F308FA-F3D1-83D3-4EA2-E695D34BBE6E}"
EndProject
Global
	GlobalSection(SolutionConfigurationPlatforms) = preSolution
		Debug|Any CPU = Debug|Any CPU
		Release|Any CPU = Release|Any CPU
	EndGlobalSection
	GlobalSection(ProjectConfigurationPlatforms) = postSolution
		{91F308FA-F3D1-83D3-4EA2-E695D34BBE6E}.Debug|Any CPU.ActiveCfg = Debug|Any CPU
		{91F308FA-F3D1-83D3-4EA2-E695D34BBE6E}.Debug|Any CPU.Build.0 = Debug|Any CPU
		{91F308FA-F3D1-83D3-4EA2-E695D34BBE6E}.Release|Any CPU.ActiveCfg = Release|Any CPU
		{91F308FA-F3D1-83D3-4EA2-E695D34BBE6E}.Release|Any CPU.Build.0 = Release|Any CPU
	EndGlobalSection
	GlobalSection(SolutionProperties) = preSolution
		HideSolutionNode = FALSE
	EndGlobalSection
	GlobalSection(ExtensibilityGlobals) = postSolution
		SolutionGuid = {0368E78E-1CB1-43E8-8A08-80B603492749}
	EndGlobalSection
EndGlobal
